
Microsoft Visual Studio Solution File, Format Version 12.00
# Visual Studio Version 16
VisualStudioVersion = 16.0.31105.61
MinimumVisualStudioVersion = 10.0.40219.1
Project("{FAE04EC0-301F-11D3-BF4B-00C04F79EFBC}") = "ApplyingAsynchronousProgramming", "ApplyingAsynchronousProgramming\ApplyingAsynchronousProgramming.csproj", "{78739466-FEC4-445F-B6AD-45849A14EA09}"
EndProject
Global
	GlobalSection(SolutionConfigurationPlatforms) = preSolution
		Debug|Any CPU = Debug|Any CPU
		Release|Any CPU = Release|Any CPU
	EndGlobalSection
	GlobalSection(ProjectConfigurationPlatforms) = postSolution
		{78739466-FEC4-445F-B6AD-45849A14EA09}.Debug|Any CPU.ActiveCfg = Debug|Any CPU
		{78739466-FEC4-445F-B6AD-45849A14EA09}.Debug|Any CPU.Build.0 = Debug|Any CPU
		{78739466-FEC4-445F-B6AD-45849A14EA09}.Release|Any CPU.ActiveCfg = Release|Any CPU
		{78739466-FEC4-445F-B6AD-45849A14EA09}.Release|Any CPU.Build.0 = Release|Any CPU
	EndGlobalSection
	GlobalSection(SolutionProperties) = preSolution
		HideSolutionNode = FALSE
	EndGlobalSection
	GlobalSection(ExtensibilityGlobals) = postSolution
		SolutionGuid = {D21D52BC-ECCB-4344-9705-4937A54E5038}
	EndGlobalSection
EndGlobal
